
Microsoft Visual Studio Solution File, Format Version 12.00
# Visual Studio Version 16
VisualStudioVersion = 16.0.29911.84
MinimumVisualStudioVersion = 10.0.40219.1
Project("{FAE04EC0-301F-11D3-BF4B-00C04F79EFBC}") = "ShopManagement", "ShopManagement\ShopManagement.csproj", "{8116F2DB-C4E5-449B-A972-CBC651821341}"
EndProject
Global
	GlobalSection(SolutionConfigurationPlatforms) = preSolution
		Debug|Any CPU = Debug|Any CPU
		Release|Any CPU = Release|Any CPU
	EndGlobalSection
	GlobalSection(ProjectConfigurationPlatforms) = postSolution
		{8116F2DB-C4E5-449B-A972-CBC651821341}.Debug|Any CPU.ActiveCfg = Debug|Any CPU
		{8116F2DB-C4E5-449B-A972-CBC651821341}.Debug|Any CPU.Build.0 = Debug|Any CPU
		{8116F2DB-C4E5-449B-A972-CBC651821341}.Release|Any CPU.ActiveCfg = Release|Any CPU
		{8116F2DB-C4E5-449B-A972-CBC651821341}.Release|Any CPU.Build.0 = Release|Any CPU
	EndGlobalSection
	GlobalSection(SolutionProperties) = preSolution
		HideSolutionNode = FALSE
	EndGlobalSection
	GlobalSection(ExtensibilityGlobals) = postSolution
		SolutionGuid = {AFE2BCF0-483B-45C4-8CAB-C21F3C336042}
	EndGlobalSection
EndGlobal
